
Microsoft Visual Studio Solution File, Format Version 12.00
# Visual Studio 15
VisualStudioVersion = 15.0.26124.0
MinimumVisualStudioVersion = 15.0.26124.0
Project("{2150E333-8FDC-42A3-9474-1A3956D46DE8}") = "src", "src", "{26740257-403F-4E9A-BD8A-4BD528B231DF}"
EndProject
Project("{FAE04EC0-301F-11D3-BF4B-00C04F79EFBC}") = "Store", "src\Store\Store.csproj", "{6A40AA0B-2E1E-4F77-A834-366EEF375CA3}"
EndProject
Project("{FAE04EC0-301F-11D3-BF4B-00C04F79EFBC}") = "Store.Tests", "src\Store.Tests\Store.Tests.csproj", "{DB01FDF3-D0BB-45A7-86F2-D53823C06743}"
EndProject
Project("{FAE04EC0-301F-11D3-BF4B-00C04F79EFBC}") = "Api", "src\Api\Api.csproj", "{CD3A6F15-E11D-4C6C-A921-B8DB101D0793}"
EndProject
Global
	GlobalSection(SolutionConfigurationPlatforms) = preSolution
		Debug|Any CPU = Debug|Any CPU
		Debug|x64 = Debug|x64
		Debug|x86 = Debug|x86
		Release|Any CPU = Release|Any CPU
		Release|x64 = Release|x64
		Release|x86 = Release|x86
	EndGlobalSection
	GlobalSection(SolutionProperties) = preSolution
		HideSolutionNode = FALSE
	EndGlobalSection
	GlobalSection(ProjectConfigurationPlatforms) = postSolution
		{6A40AA0B-2E1E-4F77-A834-366EEF375CA3}.Debug|Any CPU.ActiveCfg = Debug|Any CPU
		{6A40AA0B-2E1E-4F77-A834-366EEF375CA3}.Debug|Any CPU.Build.0 = Debug|Any CPU
		{6A40AA0B-2E1E-4F77-A834-366EEF375CA3}.Debug|x64.ActiveCfg = Debug|Any CPU
		{6A40AA0B-2E1E-4F77-A834-366EEF375CA3}.Debug|x64.Build.0 = Debug|Any CPU
		{6A40AA0B-2E1E-4F77-A834-366EEF375CA3}.Debug|x86.ActiveCfg = Debug|Any CPU
		{6A40AA0B-2E1E-4F77-A834-366EEF375CA3}.Debug|x86.Build.0 = Debug|Any CPU
		{6A40AA0B-2E1E-4F77-A834-366EEF375CA3}.Release|Any CPU.ActiveCfg = Release|Any CPU
		{6A40AA0B-2E1E-4F77-A834-366EEF375CA3}.Release|Any CPU.Build.0 = Release|Any CPU
		{6A40AA0B-2E1E-4F77-A834-366EEF375CA3}.Release|x64.ActiveCfg = Release|Any CPU
		{6A40AA0B-2E1E-4F77-A834-366EEF375CA3}.Release|x64.Build.0 = Release|Any CPU
		{6A40AA0B-2E1E-4F77-A834-366EEF375CA3}.Release|x86.ActiveCfg = Release|Any CPU
		{6A40AA0B-2E1E-4F77-A834-366EEF375CA3}.Release|x86.Build.0 = Release|Any CPU
		{DB01FDF3-D0BB-45A7-86F2-D53823C06743}.Debug|Any CPU.ActiveCfg = Debug|Any CPU
		{DB01FDF3-D0BB-45A7-86F2-D53823C06743}.Debug|Any CPU.Build.0 = Debug|Any CPU
		{DB01FDF3-D0BB-45A7-86F2-D53823C06743}.Debug|x64.ActiveCfg = Debug|Any CPU
		{DB01FDF3-D0BB-45A7-86F2-D53823C06743}.Debug|x64.Build.0 = Debug|Any CPU
		{DB01FDF3-D0BB-45A7-86F2-D53823C06743}.Debug|x86.ActiveCfg = Debug|Any CPU
		{DB01FDF3-D0BB-45A7-86F2-D53823C06743}.Debug|x86.Build.0 = Debug|Any CPU
		{DB01FDF3-D0BB-45A7-86F2-D53823C06743}.Release|Any CPU.ActiveCfg = Release|Any CPU
		{DB01FDF3-D0BB-45A7-86F2-D53823C06743}.Release|Any CPU.Build.0 = Release|Any CPU
		{DB01FDF3-D0BB-45A7-86F2-D53823C06743}.Release|x64.ActiveCfg = Release|Any CPU
		{DB01FDF3-D0BB-45A7-86F2-D53823C06743}.Release|x64.Build.0 = Release|Any CPU
		{DB01FDF3-D0BB-45A7-86F2-D53823C06743}.Release|x86.ActiveCfg = Release|Any CPU
		{DB01FDF3-D0BB-45A7-86F2-D53823C06743}.Release|x86.Build.0 = Release|Any CPU
		{CD3A6F15-E11D-4C6C-A921-B8DB101D0793}.Debug|Any CPU.ActiveCfg = Debug|Any CPU
		{CD3A6F15-E11D-4C6C-A921-B8DB101D0793}.Debug|Any CPU.Build.0 = Debug|Any CPU
		{CD3A6F15-E11D-4C6C-A921-B8DB101D0793}.Debug|x64.ActiveCfg = Debug|Any CPU
		{CD3A6F15-E11D-4C6C-A921-B8DB101D0793}.Debug|x64.Build.0 = Debug|Any CPU
		{CD3A6F15-E11D-4C6C-A921-B8DB101D0793}.Debug|x86.ActiveCfg = Debug|Any CPU
		{CD3A6F15-E11D-4C6C-A921-B8DB101D0793}.Debug|x86.Build.0 = Debug|Any CPU
		{CD3A6F15-E11D-4C6C-A921-B8DB101D0793}.Release|Any CPU.ActiveCfg = Release|Any CPU
		{CD3A6F15-E11D-4C6C-A921-B8DB101D0793}.Release|Any CPU.Build.0 = Release|Any CPU
		{CD3A6F15-E11D-4C6C-A921-B8DB101D0793}.Release|x64.ActiveCfg = Release|Any CPU
		{CD3A6F15-E11D-4C6C-A921-B8DB101D0793}.Release|x64.Build.0 = Release|Any CPU
		{CD3A6F15-E11D-4C6C-A921-B8DB101D0793}.Release|x86.ActiveCfg = Release|Any CPU
		{CD3A6F15-E11D-4C6C-A921-B8DB101D0793}.Release|x86.Build.0 = Release|Any CPU
	EndGlobalSection
	GlobalSection(NestedProjects) = preSolution
		{6A40AA0B-2E1E-4F77-A834-366EEF375CA3} = {26740257-403F-4E9A-BD8A-4BD528B231DF}
		{DB01FDF3-D0BB-45A7-86F2-D53823C06743} = {26740257-403F-4E9A-BD8A-4BD528B231DF}
		{CD3A6F15-E11D-4C6C-A921-B8DB101D0793} = {26740257-403F-4E9A-BD8A-4BD528B231DF}
	EndGlobalSection
EndGlobal
